// !$*UTF8*$!
{
	archiveVersion = 1;
	classes = {
	};
	objectVersion = 50;
	objects = {

/* Begin PBXBuildFile section */
		BB48D8202141DB020024EEB5 /* AppDelegate.swift in Sources */ = {isa = PBXBuildFile; fileRef = BB48D81F2141DB020024EEB5 /* AppDelegate.swift */; };
		BB48D8222141DB020024EEB5 /* NewsViewController.swift in Sources */ = {isa = PBXBuildFile; fileRef = BB48D8212141DB020024EEB5 /* NewsViewController.swift */; };
		BB48D8282141DB020024EEB5 /* TinkoffNews.xcdatamodeld in Sources */ = {isa = PBXBuildFile; fileRef = BB48D8262141DB020024EEB5 /* TinkoffNews.xcdatamodeld */; };
		BB48D82A2141DB040024EEB5 /* Assets.xcassets in Resources */ = {isa = PBXBuildFile; fileRef = BB48D8292141DB040024EEB5 /* Assets.xcassets */; };
		BB48D82D2141DB040024EEB5 /* LaunchScreen.storyboard in Resources */ = {isa = PBXBuildFile; fileRef = BB48D82B2141DB040024EEB5 /* LaunchScreen.storyboard */; };
		BB48D8382141DB050024EEB5 /* TinkoffNewsTests.swift in Sources */ = {isa = PBXBuildFile; fileRef = BB48D8372141DB050024EEB5 /* TinkoffNewsTests.swift */; };
		BB48D85021452E7C0024EEB5 /* NewsPresenter.swift in Sources */ = {isa = PBXBuildFile; fileRef = BB48D84F21452E7C0024EEB5 /* NewsPresenter.swift */; };
		BB48D853214530520024EEB5 /* BaseViewOutput.swift in Sources */ = {isa = PBXBuildFile; fileRef = BB48D852214530520024EEB5 /* BaseViewOutput.swift */; };
		BB48D8582145416F0024EEB5 /* NewsModel.swift in Sources */ = {isa = PBXBuildFile; fileRef = BB48D8572145416F0024EEB5 /* NewsModel.swift */; };
		BB48D85A2145420A0024EEB5 /* ItemOfNews.swift in Sources */ = {isa = PBXBuildFile; fileRef = BB48D8592145420A0024EEB5 /* ItemOfNews.swift */; };
		BB48D85E21454D9C0024EEB5 /* Setupable.swift in Sources */ = {isa = PBXBuildFile; fileRef = BB48D85D21454D9C0024EEB5 /* Setupable.swift */; };
		BB48D86021454DD40024EEB5 /* Delegatable.swift in Sources */ = {isa = PBXBuildFile; fileRef = BB48D85F21454DD40024EEB5 /* Delegatable.swift */; };
		BB48D86221454E8B0024EEB5 /* NewsRouter.swift in Sources */ = {isa = PBXBuildFile; fileRef = BB48D86121454E8B0024EEB5 /* NewsRouter.swift */; };
		BB48D86421454EC90024EEB5 /* NewsInteractor.swift in Sources */ = {isa = PBXBuildFile; fileRef = BB48D86321454EC90024EEB5 /* NewsInteractor.swift */; };
		BB48D8672145620F0024EEB5 /* NewsCell.swift in Sources */ = {isa = PBXBuildFile; fileRef = BB48D8662145620F0024EEB5 /* NewsCell.swift */; };
		BB48D869214563E20024EEB5 /* NewsAssembly.swift in Sources */ = {isa = PBXBuildFile; fileRef = BB48D868214563E20024EEB5 /* NewsAssembly.swift */; };
		BB48D86C21456F0E0024EEB5 /* NetworkClient.swift in Sources */ = {isa = PBXBuildFile; fileRef = BB48D86B21456F0E0024EEB5 /* NetworkClient.swift */; };
		BB48D86F214581C30024EEB5 /* DownloadNewsService.swift in Sources */ = {isa = PBXBuildFile; fileRef = BB48D86E214581C30024EEB5 /* DownloadNewsService.swift */; };
		BB48D871214582A10024EEB5 /* DownloadNewsServiceImp.swift in Sources */ = {isa = PBXBuildFile; fileRef = BB48D870214582A10024EEB5 /* DownloadNewsServiceImp.swift */; };
		BB48D8782145D98C0024EEB5 /* Date.swift in Sources */ = {isa = PBXBuildFile; fileRef = BB48D8772145D98C0024EEB5 /* Date.swift */; };
		BB48D87E2145E3D70024EEB5 /* NewsFooterView.swift in Sources */ = {isa = PBXBuildFile; fileRef = BB48D87D2145E3D70024EEB5 /* NewsFooterView.swift */; };
		BB48D8812146A5230024EEB5 /* Helper.swift in Sources */ = {isa = PBXBuildFile; fileRef = BB48D8802146A5220024EEB5 /* Helper.swift */; };
		BB48D8892146CDB50024EEB5 /* BaseViewController.swift in Sources */ = {isa = PBXBuildFile; fileRef = BB48D8882146CDB50024EEB5 /* BaseViewController.swift */; };
		BB48D891214702170024EEB5 /* NewsDetailAssembly.swift in Sources */ = {isa = PBXBuildFile; fileRef = BB48D890214702170024EEB5 /* NewsDetailAssembly.swift */; };
		BB48D893214702A70024EEB5 /* NewsDetailViewController.swift in Sources */ = {isa = PBXBuildFile; fileRef = BB48D892214702A70024EEB5 /* NewsDetailViewController.swift */; };
		BB48D8952147045E0024EEB5 /* NewsDetailPresenter.swift in Sources */ = {isa = PBXBuildFile; fileRef = BB48D8942147045E0024EEB5 /* NewsDetailPresenter.swift */; };
		BB48D897214708390024EEB5 /* NewsDetailInteractor.swift in Sources */ = {isa = PBXBuildFile; fileRef = BB48D896214708390024EEB5 /* NewsDetailInteractor.swift */; };
		BB48D89B21470E9D0024EEB5 /* DownloadNewsDetailService.swift in Sources */ = {isa = PBXBuildFile; fileRef = BB48D89A21470E9D0024EEB5 /* DownloadNewsDetailService.swift */; };
		BB48D89D21470EAD0024EEB5 /* DownloadNewsDetailServiceImp.swift in Sources */ = {isa = PBXBuildFile; fileRef = BB48D89C21470EAD0024EEB5 /* DownloadNewsDetailServiceImp.swift */; };
		BB48D89F21470EED0024EEB5 /* NewsDetailModel.swift in Sources */ = {isa = PBXBuildFile; fileRef = BB48D89E21470EED0024EEB5 /* NewsDetailModel.swift */; };
/* End PBXBuildFile section */

/* Begin PBXContainerItemProxy section */
		BB48D8342141DB050024EEB5 /* PBXContainerItemProxy */ = {
			isa = PBXContainerItemProxy;
			containerPortal = BB48D8142141DB020024EEB5 /* Project object */;
			proxyType = 1;
			remoteGlobalIDString = BB48D81B2141DB020024EEB5;
			remoteInfo = TinkoffNews;
		};
/* End PBXContainerItemProxy section */

/* Begin PBXFileReference section */
		BB48D81C2141DB020024EEB5 /* TinkoffNews.app */ = {isa = PBXFileReference; explicitFileType = wrapper.application; includeInIndex = 0; path = TinkoffNews.app; sourceTree = BUILT_PRODUCTS_DIR; };
		BB48D81F2141DB020024EEB5 /* AppDelegate.swift */ = {isa = PBXFileReference; lastKnownFileType = sourcecode.swift; path = AppDelegate.swift; sourceTree = "<group>"; };
		BB48D8212141DB020024EEB5 /* NewsViewController.swift */ = {isa = PBXFileReference; lastKnownFileType = sourcecode.swift; path = NewsViewController.swift; sourceTree = "<group>"; };
		BB48D8272141DB020024EEB5 /* TinkoffNews.xcdatamodel */ = {isa = PBXFileReference; lastKnownFileType = wrapper.xcdatamodel; path = TinkoffNews.xcdatamodel; sourceTree = "<group>"; };
		BB48D8292141DB040024EEB5 /* Assets.xcassets */ = {isa = PBXFileReference; lastKnownFileType = folder.assetcatalog; path = Assets.xcassets; sourceTree = "<group>"; };
		BB48D82C2141DB040024EEB5 /* Base */ = {isa = PBXFileReference; lastKnownFileType = file.storyboard; name = Base; path = Base.lproj/LaunchScreen.storyboard; sourceTree = "<group>"; };
		BB48D82E2141DB040024EEB5 /* Info.plist */ = {isa = PBXFileReference; lastKnownFileType = text.plist.xml; path = Info.plist; sourceTree = "<group>"; };
		BB48D8332141DB050024EEB5 /* TinkoffNewsTests.xctest */ = {isa = PBXFileReference; explicitFileType = wrapper.cfbundle; includeInIndex = 0; path = TinkoffNewsTests.xctest; sourceTree = BUILT_PRODUCTS_DIR; };
		BB48D8372141DB050024EEB5 /* TinkoffNewsTests.swift */ = {isa = PBXFileReference; lastKnownFileType = sourcecode.swift; path = TinkoffNewsTests.swift; sourceTree = "<group>"; };
		BB48D8392141DB050024EEB5 /* Info.plist */ = {isa = PBXFileReference; lastKnownFileType = text.plist.xml; path = Info.plist; sourceTree = "<group>"; };
		BB48D84F21452E7C0024EEB5 /* NewsPresenter.swift */ = {isa = PBXFileReference; lastKnownFileType = sourcecode.swift; path = NewsPresenter.swift; sourceTree = "<group>"; };
		BB48D852214530520024EEB5 /* BaseViewOutput.swift */ = {isa = PBXFileReference; lastKnownFileType = sourcecode.swift; path = BaseViewOutput.swift; sourceTree = "<group>"; };
		BB48D8572145416F0024EEB5 /* NewsModel.swift */ = {isa = PBXFileReference; lastKnownFileType = sourcecode.swift; path = NewsModel.swift; sourceTree = "<group>"; };
		BB48D8592145420A0024EEB5 /* ItemOfNews.swift */ = {isa = PBXFileReference; lastKnownFileType = sourcecode.swift; path = ItemOfNews.swift; sourceTree = "<group>"; };
		BB48D85D21454D9C0024EEB5 /* Setupable.swift */ = {isa = PBXFileReference; lastKnownFileType = sourcecode.swift; path = Setupable.swift; sourceTree = "<group>"; };
		BB48D85F21454DD40024EEB5 /* Delegatable.swift */ = {isa = PBXFileReference; lastKnownFileType = sourcecode.swift; path = Delegatable.swift; sourceTree = "<group>"; };
		BB48D86121454E8B0024EEB5 /* NewsRouter.swift */ = {isa = PBXFileReference; lastKnownFileType = sourcecode.swift; path = NewsRouter.swift; sourceTree = "<group>"; };
		BB48D86321454EC90024EEB5 /* NewsInteractor.swift */ = {isa = PBXFileReference; lastKnownFileType = sourcecode.swift; path = NewsInteractor.swift; sourceTree = "<group>"; };
		BB48D8662145620F0024EEB5 /* NewsCell.swift */ = {isa = PBXFileReference; lastKnownFileType = sourcecode.swift; path = NewsCell.swift; sourceTree = "<group>"; };
		BB48D868214563E20024EEB5 /* NewsAssembly.swift */ = {isa = PBXFileReference; lastKnownFileType = sourcecode.swift; path = NewsAssembly.swift; sourceTree = "<group>"; };
		BB48D86B21456F0E0024EEB5 /* NetworkClient.swift */ = {isa = PBXFileReference; lastKnownFileType = sourcecode.swift; path = NetworkClient.swift; sourceTree = "<group>"; };
		BB48D86E214581C30024EEB5 /* DownloadNewsService.swift */ = {isa = PBXFileReference; lastKnownFileType = sourcecode.swift; path = DownloadNewsService.swift; sourceTree = "<group>"; };
		BB48D870214582A10024EEB5 /* DownloadNewsServiceImp.swift */ = {isa = PBXFileReference; lastKnownFileType = sourcecode.swift; path = DownloadNewsServiceImp.swift; sourceTree = "<group>"; };
		BB48D8772145D98C0024EEB5 /* Date.swift */ = {isa = PBXFileReference; lastKnownFileType = sourcecode.swift; path = Date.swift; sourceTree = "<group>"; };
		BB48D87D2145E3D70024EEB5 /* NewsFooterView.swift */ = {isa = PBXFileReference; lastKnownFileType = sourcecode.swift; path = NewsFooterView.swift; sourceTree = "<group>"; };
		BB48D8802146A5220024EEB5 /* Helper.swift */ = {isa = PBXFileReference; lastKnownFileType = sourcecode.swift; path = Helper.swift; sourceTree = "<group>"; };
		BB48D8882146CDB50024EEB5 /* BaseViewController.swift */ = {isa = PBXFileReference; lastKnownFileType = sourcecode.swift; path = BaseViewController.swift; sourceTree = "<group>"; };
		BB48D890214702170024EEB5 /* NewsDetailAssembly.swift */ = {isa = PBXFileReference; lastKnownFileType = sourcecode.swift; path = NewsDetailAssembly.swift; sourceTree = "<group>"; };
		BB48D892214702A70024EEB5 /* NewsDetailViewController.swift */ = {isa = PBXFileReference; lastKnownFileType = sourcecode.swift; path = NewsDetailViewController.swift; sourceTree = "<group>"; };
		BB48D8942147045E0024EEB5 /* NewsDetailPresenter.swift */ = {isa = PBXFileReference; lastKnownFileType = sourcecode.swift; path = NewsDetailPresenter.swift; sourceTree = "<group>"; };
		BB48D896214708390024EEB5 /* NewsDetailInteractor.swift */ = {isa = PBXFileReference; lastKnownFileType = sourcecode.swift; path = NewsDetailInteractor.swift; sourceTree = "<group>"; };
		BB48D89A21470E9D0024EEB5 /* DownloadNewsDetailService.swift */ = {isa = PBXFileReference; lastKnownFileType = sourcecode.swift; path = DownloadNewsDetailService.swift; sourceTree = "<group>"; };
		BB48D89C21470EAD0024EEB5 /* DownloadNewsDetailServiceImp.swift */ = {isa = PBXFileReference; lastKnownFileType = sourcecode.swift; path = DownloadNewsDetailServiceImp.swift; sourceTree = "<group>"; };
		BB48D89E21470EED0024EEB5 /* NewsDetailModel.swift */ = {isa = PBXFileReference; lastKnownFileType = sourcecode.swift; path = NewsDetailModel.swift; sourceTree = "<group>"; };
/* End PBXFileReference section */

/* Begin PBXFrameworksBuildPhase section */
		BB48D8192141DB020024EEB5 /* Frameworks */ = {
			isa = PBXFrameworksBuildPhase;
			buildActionMask = 2147483647;
			files = (
			);
			runOnlyForDeploymentPostprocessing = 0;
		};
		BB48D8302141DB050024EEB5 /* Frameworks */ = {
			isa = PBXFrameworksBuildPhase;
			buildActionMask = 2147483647;
			files = (
			);
			runOnlyForDeploymentPostprocessing = 0;
		};
/* End PBXFrameworksBuildPhase section */

/* Begin PBXGroup section */
		BB48D8132141DB020024EEB5 = {
			isa = PBXGroup;
			children = (
				BB48D81E2141DB020024EEB5 /* TinkoffNews */,
				BB48D8362141DB050024EEB5 /* TinkoffNewsTests */,
				BB48D81D2141DB020024EEB5 /* Products */,
			);
			sourceTree = "<group>";
		};
		BB48D81D2141DB020024EEB5 /* Products */ = {
			isa = PBXGroup;
			children = (
				BB48D81C2141DB020024EEB5 /* TinkoffNews.app */,
				BB48D8332141DB050024EEB5 /* TinkoffNewsTests.xctest */,
			);
			name = Products;
			sourceTree = "<group>";
		};
		BB48D81E2141DB020024EEB5 /* TinkoffNews */ = {
			isa = PBXGroup;
			children = (
				BB48D82E2141DB040024EEB5 /* Info.plist */,
				BB48D843214522220024EEB5 /* Recources */,
				BB48D842214522160024EEB5 /* Sources */,
				BB48D8262141DB020024EEB5 /* TinkoffNews.xcdatamodeld */,
			);
			path = TinkoffNews;
			sourceTree = "<group>";
		};
		BB48D8362141DB050024EEB5 /* TinkoffNewsTests */ = {
			isa = PBXGroup;
			children = (
				BB48D8372141DB050024EEB5 /* TinkoffNewsTests.swift */,
				BB48D8392141DB050024EEB5 /* Info.plist */,
			);
			path = TinkoffNewsTests;
			sourceTree = "<group>";
		};
		BB48D842214522160024EEB5 /* Sources */ = {
			isa = PBXGroup;
			children = (
				BB48D845214522670024EEB5 /* Presentation */,
				BB48D846214522740024EEB5 /* Services */,
				BB48D847214522830024EEB5 /* Core */,
				BB48D848214522940024EEB5 /* Common */,
			);
			path = Sources;
			sourceTree = "<group>";
		};
		BB48D843214522220024EEB5 /* Recources */ = {
			isa = PBXGroup;
			children = (
				BB48D844214522370024EEB5 /* AppDelegate */,
				BB48D82B2141DB040024EEB5 /* LaunchScreen.storyboard */,
				BB48D8292141DB040024EEB5 /* Assets.xcassets */,
			);
			path = Recources;
			sourceTree = "<group>";
		};
		BB48D844214522370024EEB5 /* AppDelegate */ = {
			isa = PBXGroup;
			children = (
				BB48D81F2141DB020024EEB5 /* AppDelegate.swift */,
			);
			path = AppDelegate;
			sourceTree = "<group>";
		};
		BB48D845214522670024EEB5 /* Presentation */ = {
			isa = PBXGroup;
			children = (
				BB48D88A2147013C0024EEB5 /* NewsDetail */,
				BB48D849214523B50024EEB5 /* News */,
			);
			path = Presentation;
			sourceTree = "<group>";
		};
		BB48D846214522740024EEB5 /* Services */ = {
			isa = PBXGroup;
			children = (
				BB48D86D214581650024EEB5 /* Network */,
			);
			path = Services;
			sourceTree = "<group>";
		};
		BB48D847214522830024EEB5 /* Core */ = {
			isa = PBXGroup;
			children = (
				BB48D86A21456EF40024EEB5 /* NetworkClient */,
			);
			path = Core;
			sourceTree = "<group>";
		};
		BB48D848214522940024EEB5 /* Common */ = {
			isa = PBXGroup;
			children = (
				BB48D8872146CD7D0024EEB5 /* BaseViewController */,
				BB48D87F2146A50D0024EEB5 /* Helper */,
				BB48D8762145D9780024EEB5 /* Extension */,
				BB48D851214530310024EEB5 /* Protocols */,
			);
			path = Common;
			sourceTree = "<group>";
		};
		BB48D849214523B50024EEB5 /* News */ = {
			isa = PBXGroup;
			children = (
				BB48D84D214523D60024EEB5 /* Wireframe */,
				BB48D854214530CE0024EEB5 /* Entities */,
				BB48D84C214523CE0024EEB5 /* Interactor */,
				BB48D84B214523C80024EEB5 /* Presenter */,
				BB48D84A214523BD0024EEB5 /* View */,
			);
			path = News;
			sourceTree = "<group>";
		};
		BB48D84A214523BD0024EEB5 /* View */ = {
			isa = PBXGroup;
			children = (
				BB48D865214561DE0024EEB5 /* Cells */,
				BB48D8212141DB020024EEB5 /* NewsViewController.swift */,
				BB48D87D2145E3D70024EEB5 /* NewsFooterView.swift */,
			);
			path = View;
			sourceTree = "<group>";
		};
		BB48D84B214523C80024EEB5 /* Presenter */ = {
			isa = PBXGroup;
			children = (
				BB48D84F21452E7C0024EEB5 /* NewsPresenter.swift */,
			);
			path = Presenter;
			sourceTree = "<group>";
		};
		BB48D84C214523CE0024EEB5 /* Interactor */ = {
			isa = PBXGroup;
			children = (
				BB48D86321454EC90024EEB5 /* NewsInteractor.swift */,
			);
			path = Interactor;
			sourceTree = "<group>";
		};
		BB48D84D214523D60024EEB5 /* Wireframe */ = {
			isa = PBXGroup;
			children = (
				BB48D868214563E20024EEB5 /* NewsAssembly.swift */,
				BB48D86121454E8B0024EEB5 /* NewsRouter.swift */,
			);
			path = Wireframe;
			sourceTree = "<group>";
		};
		BB48D851214530310024EEB5 /* Protocols */ = {
			isa = PBXGroup;
			children = (
				BB48D852214530520024EEB5 /* BaseViewOutput.swift */,
				BB48D85D21454D9C0024EEB5 /* Setupable.swift */,
				BB48D85F21454DD40024EEB5 /* Delegatable.swift */,
			);
			path = Protocols;
			sourceTree = "<group>";
		};
		BB48D854214530CE0024EEB5 /* Entities */ = {
			isa = PBXGroup;
			children = (
				BB48D8572145416F0024EEB5 /* NewsModel.swift */,
				BB48D8592145420A0024EEB5 /* ItemOfNews.swift */,
			);
			path = Entities;
			sourceTree = "<group>";
		};
		BB48D865214561DE0024EEB5 /* Cells */ = {
			isa = PBXGroup;
			children = (
				BB48D8662145620F0024EEB5 /* NewsCell.swift */,
			);
			path = Cells;
			sourceTree = "<group>";
		};
		BB48D86A21456EF40024EEB5 /* NetworkClient */ = {
			isa = PBXGroup;
			children = (
				BB48D86B21456F0E0024EEB5 /* NetworkClient.swift */,
			);
			path = NetworkClient;
			sourceTree = "<group>";
		};
		BB48D86D214581650024EEB5 /* Network */ = {
			isa = PBXGroup;
			children = (
				BB48D89921470E6C0024EEB5 /* DownloadNewsDetail */,
				BB48D89821470E600024EEB5 /* DownloadNews */,
			);
			path = Network;
			sourceTree = "<group>";
		};
		BB48D8762145D9780024EEB5 /* Extension */ = {
			isa = PBXGroup;
			children = (
				BB48D8772145D98C0024EEB5 /* Date.swift */,
			);
			path = Extension;
			sourceTree = "<group>";
		};
		BB48D87F2146A50D0024EEB5 /* Helper */ = {
			isa = PBXGroup;
			children = (
				BB48D8802146A5220024EEB5 /* Helper.swift */,
			);
			path = Helper;
			sourceTree = "<group>";
		};
		BB48D8872146CD7D0024EEB5 /* BaseViewController */ = {
			isa = PBXGroup;
			children = (
				BB48D8882146CDB50024EEB5 /* BaseViewController.swift */,
			);
			path = BaseViewController;
			sourceTree = "<group>";
		};
		BB48D88A2147013C0024EEB5 /* NewsDetail */ = {
			isa = PBXGroup;
			children = (
				BB48D88B2147017A0024EEB5 /* Wireframe */,
				BB48D88C214701870024EEB5 /* Entities */,
				BB48D88F214701A40024EEB5 /* Interactor */,
				BB48D88E2147019B0024EEB5 /* Presenter */,
				BB48D88D214701960024EEB5 /* View */,
			);
			path = NewsDetail;
			sourceTree = "<group>";
		};
		BB48D88B2147017A0024EEB5 /* Wireframe */ = {
			isa = PBXGroup;
			children = (
				BB48D890214702170024EEB5 /* NewsDetailAssembly.swift */,
			);
			path = Wireframe;
			sourceTree = "<group>";
		};
		BB48D88C214701870024EEB5 /* Entities */ = {
			isa = PBXGroup;
			children = (
				BB48D89E21470EED0024EEB5 /* NewsDetailModel.swift */,
			);
			path = Entities;
			sourceTree = "<group>";
		};
		BB48D88D214701960024EEB5 /* View */ = {
			isa = PBXGroup;
			children = (
				BB48D892214702A70024EEB5 /* NewsDetailViewController.swift */,
			);
			path = View;
			sourceTree = "<group>";
		};
		BB48D88E2147019B0024EEB5 /* Presenter */ = {
			isa = PBXGroup;
			children = (
				BB48D8942147045E0024EEB5 /* NewsDetailPresenter.swift */,
			);
			path = Presenter;
			sourceTree = "<group>";
		};
		BB48D88F214701A40024EEB5 /* Interactor */ = {
			isa = PBXGroup;
			children = (
				BB48D896214708390024EEB5 /* NewsDetailInteractor.swift */,
			);
			path = Interactor;
			sourceTree = "<group>";
		};
		BB48D89821470E600024EEB5 /* DownloadNews */ = {
			isa = PBXGroup;
			children = (
				BB48D86E214581C30024EEB5 /* DownloadNewsService.swift */,
				BB48D870214582A10024EEB5 /* DownloadNewsServiceImp.swift */,
			);
			path = DownloadNews;
			sourceTree = "<group>";
		};
		BB48D89921470E6C0024EEB5 /* DownloadNewsDetail */ = {
			isa = PBXGroup;
			children = (
				BB48D89A21470E9D0024EEB5 /* DownloadNewsDetailService.swift */,
				BB48D89C21470EAD0024EEB5 /* DownloadNewsDetailServiceImp.swift */,
			);
			path = DownloadNewsDetail;
			sourceTree = "<group>";
		};
/* End PBXGroup section */

/* Begin PBXNativeTarget section */
		BB48D81B2141DB020024EEB5 /* TinkoffNews */ = {
			isa = PBXNativeTarget;
			buildConfigurationList = BB48D83C2141DB050024EEB5 /* Build configuration list for PBXNativeTarget "TinkoffNews" */;
			buildPhases = (
				BB48D8182141DB020024EEB5 /* Sources */,
				BB48D8192141DB020024EEB5 /* Frameworks */,
				BB48D81A2141DB020024EEB5 /* Resources */,
			);
			buildRules = (
			);
			dependencies = (
			);
			name = TinkoffNews;
			productName = TinkoffNews;
			productReference = BB48D81C2141DB020024EEB5 /* TinkoffNews.app */;
			productType = "com.apple.product-type.application";
		};
		BB48D8322141DB050024EEB5 /* TinkoffNewsTests */ = {
			isa = PBXNativeTarget;
			buildConfigurationList = BB48D83F2141DB050024EEB5 /* Build configuration list for PBXNativeTarget "TinkoffNewsTests" */;
			buildPhases = (
				BB48D82F2141DB050024EEB5 /* Sources */,
				BB48D8302141DB050024EEB5 /* Frameworks */,
				BB48D8312141DB050024EEB5 /* Resources */,
			);
			buildRules = (
			);
			dependencies = (
				BB48D8352141DB050024EEB5 /* PBXTargetDependency */,
			);
			name = TinkoffNewsTests;
			productName = TinkoffNewsTests;
			productReference = BB48D8332141DB050024EEB5 /* TinkoffNewsTests.xctest */;
			productType = "com.apple.product-type.bundle.unit-test";
		};
/* End PBXNativeTarget section */

/* Begin PBXProject section */
		BB48D8142141DB020024EEB5 /* Project object */ = {
			isa = PBXProject;
			attributes = {
				LastSwiftUpdateCheck = 0940;
				LastUpgradeCheck = 0940;
				ORGANIZATIONNAME = "Gregory Oberemkov";
				TargetAttributes = {
					BB48D81B2141DB020024EEB5 = {
						CreatedOnToolsVersion = 9.4.1;
					};
					BB48D8322141DB050024EEB5 = {
						CreatedOnToolsVersion = 9.4.1;
						TestTargetID = BB48D81B2141DB020024EEB5;
					};
				};
			};
			buildConfigurationList = BB48D8172141DB020024EEB5 /* Build configuration list for PBXProject "TinkoffNews" */;
			compatibilityVersion = "Xcode 9.3";
			developmentRegion = en;
			hasScannedForEncodings = 0;
			knownRegions = (
				en,
				Base,
			);
			mainGroup = BB48D8132141DB020024EEB5;
			productRefGroup = BB48D81D2141DB020024EEB5 /* Products */;
			projectDirPath = "";
			projectRoot = "";
			targets = (
				BB48D81B2141DB020024EEB5 /* TinkoffNews */,
				BB48D8322141DB050024EEB5 /* TinkoffNewsTests */,
			);
		};
/* End PBXProject section */

/* Begin PBXResourcesBuildPhase section */
		BB48D81A2141DB020024EEB5 /* Resources */ = {
			isa = PBXResourcesBuildPhase;
			buildActionMask = 2147483647;
			files = (
				BB48D82D2141DB040024EEB5 /* LaunchScreen.storyboard in Resources */,
				BB48D82A2141DB040024EEB5 /* Assets.xcassets in Resources */,
			);
			runOnlyForDeploymentPostprocessing = 0;
		};
		BB48D8312141DB050024EEB5 /* Resources */ = {
			isa = PBXResourcesBuildPhase;
			buildActionMask = 2147483647;
			files = (
			);
			runOnlyForDeploymentPostprocessing = 0;
		};
/* End PBXResourcesBuildPhase section */

/* Begin PBXSourcesBuildPhase section */
		BB48D8182141DB020024EEB5 /* Sources */ = {
			isa = PBXSourcesBuildPhase;
			buildActionMask = 2147483647;
			files = (
				BB48D897214708390024EEB5 /* NewsDetailInteractor.swift in Sources */,
				BB48D8582145416F0024EEB5 /* NewsModel.swift in Sources */,
				BB48D891214702170024EEB5 /* NewsDetailAssembly.swift in Sources */,
				BB48D86021454DD40024EEB5 /* Delegatable.swift in Sources */,
				BB48D89D21470EAD0024EEB5 /* DownloadNewsDetailServiceImp.swift in Sources */,
				BB48D86F214581C30024EEB5 /* DownloadNewsService.swift in Sources */,
				BB48D871214582A10024EEB5 /* DownloadNewsServiceImp.swift in Sources */,
				BB48D89B21470E9D0024EEB5 /* DownloadNewsDetailService.swift in Sources */,
				BB48D853214530520024EEB5 /* BaseViewOutput.swift in Sources */,
				BB48D893214702A70024EEB5 /* NewsDetailViewController.swift in Sources */,
				BB48D8892146CDB50024EEB5 /* BaseViewController.swift in Sources */,
				BB48D86221454E8B0024EEB5 /* NewsRouter.swift in Sources */,
				BB48D8952147045E0024EEB5 /* NewsDetailPresenter.swift in Sources */,
				BB48D8782145D98C0024EEB5 /* Date.swift in Sources */,
				BB48D8282141DB020024EEB5 /* TinkoffNews.xcdatamodeld in Sources */,
				BB48D8812146A5230024EEB5 /* Helper.swift in Sources */,
				BB48D86421454EC90024EEB5 /* NewsInteractor.swift in Sources */,
				BB48D869214563E20024EEB5 /* NewsAssembly.swift in Sources */,
				BB48D87E2145E3D70024EEB5 /* NewsFooterView.swift in Sources */,
				BB48D85A2145420A0024EEB5 /* ItemOfNews.swift in Sources */,
				BB48D8222141DB020024EEB5 /* NewsViewController.swift in Sources */,
				BB48D8202141DB020024EEB5 /* AppDelegate.swift in Sources */,
				BB48D89F21470EED0024EEB5 /* NewsDetailModel.swift in Sources */,
				BB48D85021452E7C0024EEB5 /* NewsPresenter.swift in Sources */,
				BB48D86C21456F0E0024EEB5 /* NetworkClient.swift in Sources */,
				BB48D8672145620F0024EEB5 /* NewsCell.swift in Sources */,
				BB48D85E21454D9C0024EEB5 /* Setupable.swift in Sources */,
			);
			runOnlyForDeploymentPostprocessing = 0;
		};
		BB48D82F2141DB050024EEB5 /* Sources */ = {
			isa = PBXSourcesBuildPhase;
			buildActionMask = 2147483647;
			files = (
				BB48D8382141DB050024EEB5 /* TinkoffNewsTests.swift in Sources */,
			);
			runOnlyForDeploymentPostprocessing = 0;
		};
/* End PBXSourcesBuildPhase section */

/* Begin PBXTargetDependency section */
		BB48D8352141DB050024EEB5 /* PBXTargetDependency */ = {
			isa = PBXTargetDependency;
			target = BB48D81B2141DB020024EEB5 /* TinkoffNews */;
			targetProxy = BB48D8342141DB050024EEB5 /* PBXContainerItemProxy */;
		};
/* End PBXTargetDependency section */

/* Begin PBXVariantGroup section */
		BB48D82B2141DB040024EEB5 /* LaunchScreen.storyboard */ = {
			isa = PBXVariantGroup;
			children = (
				BB48D82C2141DB040024EEB5 /* Base */,
			);
			name = LaunchScreen.storyboard;
			sourceTree = "<group>";
		};
/* End PBXVariantGroup section */

/* Begin XCBuildConfiguration section */
		BB48D83A2141DB050024EEB5 /* Debug */ = {
			isa = XCBuildConfiguration;
			buildSettings = {
				ALWAYS_SEARCH_USER_PATHS = NO;
				CLANG_ANALYZER_NONNULL = YES;
				CLANG_ANALYZER_NUMBER_OBJECT_CONVERSION = YES_AGGRESSIVE;
				CLANG_CXX_LANGUAGE_STANDARD = "gnu++14";
				CLANG_CXX_LIBRARY = "libc++";
				CLANG_ENABLE_MODULES = YES;
				CLANG_ENABLE_OBJC_ARC = YES;
				CLANG_ENABLE_OBJC_WEAK = YES;
				CLANG_WARN_BLOCK_CAPTURE_AUTORELEASING = YES;
				CLANG_WARN_BOOL_CONVERSION = YES;
				CLANG_WARN_COMMA = YES;
				CLANG_WARN_CONSTANT_CONVERSION = YES;
				CLANG_WARN_DEPRECATED_OBJC_IMPLEMENTATIONS = YES;
				CLANG_WARN_DIRECT_OBJC_ISA_USAGE = YES_ERROR;
				CLANG_WARN_DOCUMENTATION_COMMENTS = YES;
				CLANG_WARN_EMPTY_BODY = YES;
				CLANG_WARN_ENUM_CONVERSION = YES;
				CLANG_WARN_INFINITE_RECURSION = YES;
				CLANG_WARN_INT_CONVERSION = YES;
				CLANG_WARN_NON_LITERAL_NULL_CONVERSION = YES;
				CLANG_WARN_OBJC_IMPLICIT_RETAIN_SELF = YES;
				CLANG_WARN_OBJC_LITERAL_CONVERSION = YES;
				CLANG_WARN_OBJC_ROOT_CLASS = YES_ERROR;
				CLANG_WARN_RANGE_LOOP_ANALYSIS = YES;
				CLANG_WARN_STRICT_PROTOTYPES = YES;
				CLANG_WARN_SUSPICIOUS_MOVE = YES;
				CLANG_WARN_UNGUARDED_AVAILABILITY = YES_AGGRESSIVE;
				CLANG_WARN_UNREACHABLE_CODE = YES;
				CLANG_WARN__DUPLICATE_METHOD_MATCH = YES;
				CODE_SIGN_IDENTITY = "iPhone Developer";
				COPY_PHASE_STRIP = NO;
				DEBUG_INFORMATION_FORMAT = dwarf;
				ENABLE_STRICT_OBJC_MSGSEND = YES;
				ENABLE_TESTABILITY = YES;
				GCC_C_LANGUAGE_STANDARD = gnu11;
				GCC_DYNAMIC_NO_PIC = NO;
				GCC_NO_COMMON_BLOCKS = YES;
				GCC_OPTIMIZATION_LEVEL = 0;
				GCC_PREPROCESSOR_DEFINITIONS = (
					"DEBUG=1",
					"$(inherited)",
				);
				GCC_WARN_64_TO_32_BIT_CONVERSION = YES;
				GCC_WARN_ABOUT_RETURN_TYPE = YES_ERROR;
				GCC_WARN_UNDECLARED_SELECTOR = YES;
				GCC_WARN_UNINITIALIZED_AUTOS = YES_AGGRESSIVE;
				GCC_WARN_UNUSED_FUNCTION = YES;
				GCC_WARN_UNUSED_VARIABLE = YES;
				IPHONEOS_DEPLOYMENT_TARGET = 11.4;
				MTL_ENABLE_DEBUG_INFO = YES;
				ONLY_ACTIVE_ARCH = YES;
				SDKROOT = iphoneos;
				SWIFT_ACTIVE_COMPILATION_CONDITIONS = DEBUG;
				SWIFT_OPTIMIZATION_LEVEL = "-Onone";
			};
			name = Debug;
		};
		BB48D83B2141DB050024EEB5 /* Release */ = {
			isa = XCBuildConfiguration;
			buildSettings = {
				ALWAYS_SEARCH_USER_PATHS = NO;
				CLANG_ANALYZER_NONNULL = YES;
				CLANG_ANALYZER_NUMBER_OBJECT_CONVERSION = YES_AGGRESSIVE;
				CLANG_CXX_LANGUAGE_STANDARD = "gnu++14";
				CLANG_CXX_LIBRARY = "libc++";
				CLANG_ENABLE_MODULES = YES;
				CLANG_ENABLE_OBJC_ARC = YES;
				CLANG_ENABLE_OBJC_WEAK = YES;
				CLANG_WARN_BLOCK_CAPTURE_AUTORELEASING = YES;
				CLANG_WARN_BOOL_CONVERSION = YES;
				CLANG_WARN_COMMA = YES;
				CLANG_WARN_CONSTANT_CONVERSION = YES;
				CLANG_WARN_DEPRECATED_OBJC_IMPLEMENTATIONS = YES;
				CLANG_WARN_DIRECT_OBJC_ISA_USAGE = YES_ERROR;
				CLANG_WARN_DOCUMENTATION_COMMENTS = YES;
				CLANG_WARN_EMPTY_BODY = YES;
				CLANG_WARN_ENUM_CONVERSION = YES;
				CLANG_WARN_INFINITE_RECURSION = YES;
				CLANG_WARN_INT_CONVERSION = YES;
				CLANG_WARN_NON_LITERAL_NULL_CONVERSION = YES;
				CLANG_WARN_OBJC_IMPLICIT_RETAIN_SELF = YES;
				CLANG_WARN_OBJC_LITERAL_CONVERSION = YES;
				CLANG_WARN_OBJC_ROOT_CLASS = YES_ERROR;
				CLANG_WARN_RANGE_LOOP_ANALYSIS = YES;
				CLANG_WARN_STRICT_PROTOTYPES = YES;
				CLANG_WARN_SUSPICIOUS_MOVE = YES;
				CLANG_WARN_UNGUARDED_AVAILABILITY = YES_AGGRESSIVE;
				CLANG_WARN_UNREACHABLE_CODE = YES;
				CLANG_WARN__DUPLICATE_METHOD_MATCH = YES;
				CODE_SIGN_IDENTITY = "iPhone Developer";
				COPY_PHASE_STRIP = NO;
				DEBUG_INFORMATION_FORMAT = "dwarf-with-dsym";
				ENABLE_NS_ASSERTIONS = NO;
				ENABLE_STRICT_OBJC_MSGSEND = YES;
				GCC_C_LANGUAGE_STANDARD = gnu11;
				GCC_NO_COMMON_BLOCKS = YES;
				GCC_WARN_64_TO_32_BIT_CONVERSION = YES;
				GCC_WARN_ABOUT_RETURN_TYPE = YES_ERROR;
				GCC_WARN_UNDECLARED_SELECTOR = YES;
				GCC_WARN_UNINITIALIZED_AUTOS = YES_AGGRESSIVE;
				GCC_WARN_UNUSED_FUNCTION = YES;
				GCC_WARN_UNUSED_VARIABLE = YES;
				IPHONEOS_DEPLOYMENT_TARGET = 11.4;
				MTL_ENABLE_DEBUG_INFO = NO;
				SDKROOT = iphoneos;
				SWIFT_COMPILATION_MODE = wholemodule;
				SWIFT_OPTIMIZATION_LEVEL = "-O";
				VALIDATE_PRODUCT = YES;
			};
			name = Release;
		};
		BB48D83D2141DB050024EEB5 /* Debug */ = {
			isa = XCBuildConfiguration;
			buildSettings = {
				ASSETCATALOG_COMPILER_APPICON_NAME = AppIcon;
				CODE_SIGN_STYLE = Automatic;
				DEVELOPMENT_TEAM = KJ28DR5WWZ;
				INFOPLIST_FILE = TinkoffNews/Info.plist;
				LD_RUNPATH_SEARCH_PATHS = (
					"$(inherited)",
					"@executable_path/Frameworks",
				);
				PRODUCT_BUNDLE_IDENTIFIER = G.F.Oberemkov.TinkoffNews;
				PRODUCT_NAME = "$(TARGET_NAME)";
				SWIFT_VERSION = 4.0;
				TARGETED_DEVICE_FAMILY = "1,2";
			};
			name = Debug;
		};
		BB48D83E2141DB050024EEB5 /* Release */ = {
			isa = XCBuildConfiguration;
			buildSettings = {
				ASSETCATALOG_COMPILER_APPICON_NAME = AppIcon;
				CODE_SIGN_STYLE = Automatic;
				DEVELOPMENT_TEAM = KJ28DR5WWZ;
				INFOPLIST_FILE = TinkoffNews/Info.plist;
				LD_RUNPATH_SEARCH_PATHS = (
					"$(inherited)",
					"@executable_path/Frameworks",
				);
				PRODUCT_BUNDLE_IDENTIFIER = G.F.Oberemkov.TinkoffNews;
				PRODUCT_NAME = "$(TARGET_NAME)";
				SWIFT_VERSION = 4.0;
				TARGETED_DEVICE_FAMILY = "1,2";
			};
			name = Release;
		};
		BB48D8402141DB050024EEB5 /* Debug */ = {
			isa = XCBuildConfiguration;
			buildSettings = {
				ALWAYS_EMBED_SWIFT_STANDARD_LIBRARIES = YES;
				BUNDLE_LOADER = "$(TEST_HOST)";
				CODE_SIGN_STYLE = Automatic;
				DEVELOPMENT_TEAM = KJ28DR5WWZ;
				INFOPLIST_FILE = TinkoffNewsTests/Info.plist;
				LD_RUNPATH_SEARCH_PATHS = (
					"$(inherited)",
					"@executable_path/Frameworks",
					"@loader_path/Frameworks",
				);
				PRODUCT_BUNDLE_IDENTIFIER = G.F.Oberemkov.TinkoffNewsTests;
				PRODUCT_NAME = "$(TARGET_NAME)";
				SWIFT_VERSION = 4.0;
				TARGETED_DEVICE_FAMILY = "1,2";
				TEST_HOST = "$(BUILT_PRODUCTS_DIR)/TinkoffNews.app/TinkoffNews";
			};
			name = Debug;
		};
		BB48D8412141DB050024EEB5 /* Release */ = {
			isa = XCBuildConfiguration;
			buildSettings = {
				ALWAYS_EMBED_SWIFT_STANDARD_LIBRARIES = YES;
				BUNDLE_LOADER = "$(TEST_HOST)";
				CODE_SIGN_STYLE = Automatic;
				DEVELOPMENT_TEAM = KJ28DR5WWZ;
				INFOPLIST_FILE = TinkoffNewsTests/Info.plist;
				LD_RUNPATH_SEARCH_PATHS = (
					"$(inherited)",
					"@executable_path/Frameworks",
					"@loader_path/Frameworks",
				);
				PRODUCT_BUNDLE_IDENTIFIER = G.F.Oberemkov.TinkoffNewsTests;
				PRODUCT_NAME = "$(TARGET_NAME)";
				SWIFT_VERSION = 4.0;
				TARGETED_DEVICE_FAMILY = "1,2";
				TEST_HOST = "$(BUILT_PRODUCTS_DIR)/TinkoffNews.app/TinkoffNews";
			};
			name = Release;
		};
/* End XCBuildConfiguration section */

/* Begin XCConfigurationList section */
		BB48D8172141DB020024EEB5 /* Build configuration list for PBXProject "TinkoffNews" */ = {
			isa = XCConfigurationList;
			buildConfigurations = (
				BB48D83A2141DB050024EEB5 /* Debug */,
				BB48D83B2141DB050024EEB5 /* Release */,
			);
			defaultConfigurationIsVisible = 0;
			defaultConfigurationName = Release;
		};
		BB48D83C2141DB050024EEB5 /* Build configuration list for PBXNativeTarget "TinkoffNews" */ = {
			isa = XCConfigurationList;
			buildConfigurations = (
				BB48D83D2141DB050024EEB5 /* Debug */,
				BB48D83E2141DB050024EEB5 /* Release */,
			);
			defaultConfigurationIsVisible = 0;
			defaultConfigurationName = Release;
		};
		BB48D83F2141DB050024EEB5 /* Build configuration list for PBXNativeTarget "TinkoffNewsTests" */ = {
			isa = XCConfigurationList;
			buildConfigurations = (
				BB48D8402141DB050024EEB5 /* Debug */,
				BB48D8412141DB050024EEB5 /* Release */,
			);
			defaultConfigurationIsVisible = 0;
			defaultConfigurationName = Release;
		};
/* End XCConfigurationList section */

/* Begin XCVersionGroup section */
		BB48D8262141DB020024EEB5 /* TinkoffNews.xcdatamodeld */ = {
			isa = XCVersionGroup;
			children = (
				BB48D8272141DB020024EEB5 /* TinkoffNews.xcdatamodel */,
			);
			currentVersion = BB48D8272141DB020024EEB5 /* TinkoffNews.xcdatamodel */;
			path = TinkoffNews.xcdatamodeld;
			sourceTree = "<group>";
			versionGroupType = wrapper.xcdatamodel;
		};
/* End XCVersionGroup section */
	};
	rootObject = BB48D8142141DB020024EEB5 /* Project object */;
}
